
Microsoft Visual Studio Solution File, Format Version 12.00
# Visual Studio Version 17
VisualStudioVersion = 17.5.002.0
MinimumVisualStudioVersion = 10.0.40219.1
Project("{9A19103F-16F7-4668-BE54-9A1E7A4F7556}") = "SysStressCLI", "SysStressCLI\SysStressCLI.csproj", "{F75046E5-4078-4FF0-8069-DA67260815D0}"
EndProject
Project("{9A19103F-16F7-4668-BE54-9A1E7A4F7556}") = "WinEventCat", "WinEventCat\WinEventCat.csproj", "{E0FF138C-9DD7-4A5F-B851-39219C17FD1D}"
EndProject
Project("{9A19103F-16F7-4668-BE54-9A1E7A4F7556}") = "NetWatch", "NetWatch\NetWatch.csproj", "{E0FF138D-9DD8-4A5E-B852-39219C17FD1F}"
EndProject
Project("{9A19103F-16F7-4668-BE54-9A1E7A4F7557}") = "FSTest", "FSTest\FSTest.csproj", "{E0FF138D-9DD8-4A5E-B852-39219C17FD11}"
EndProject
Global
	GlobalSection(SolutionConfigurationPlatforms) = preSolution
		Debug|Any CPU = Debug|Any CPU
		Release|Any CPU = Release|Any CPU
	EndGlobalSection
	GlobalSection(ProjectConfigurationPlatforms) = postSolution
		{F75046E5-4078-4FF0-8069-DA67260815D0}.Debug|Any CPU.ActiveCfg = Debug|Any CPU
		{F75046E5-4078-4FF0-8069-DA67260815D0}.Debug|Any CPU.Build.0 = Debug|Any CPU
		{F75046E5-4078-4FF0-8069-DA67260815D0}.Release|Any CPU.ActiveCfg = Release|Any CPU
		{F75046E5-4078-4FF0-8069-DA67260815D0}.Release|Any CPU.Build.0 = Release|Any CPU
		{E0FF138C-9DD7-4A5F-B851-39219C17FD1D}.Debug|Any CPU.ActiveCfg = Debug|Any CPU
		{E0FF138C-9DD7-4A5F-B851-39219C17FD1D}.Debug|Any CPU.Build.0 = Debug|Any CPU
		{E0FF138C-9DD7-4A5F-B851-39219C17FD1D}.Release|Any CPU.ActiveCfg = Release|Any CPU
		{E0FF138C-9DD7-4A5F-B851-39219C17FD1D}.Release|Any CPU.Build.0 = Release|Any CPU
		{E0FF138D-9DD8-4A5E-B852-39219C17FD1F}.Debug|Any CPU.ActiveCfg = Debug|Any CPU
		{E0FF138D-9DD8-4A5E-B852-39219C17FD1F}.Debug|Any CPU.Build.0 = Debug|Any CPU
		{E0FF138D-9DD8-4A5E-B852-39219C17FD1F}.Release|Any CPU.ActiveCfg = Release|Any CPU
		{E0FF138D-9DD8-4A5E-B852-39219C17FD1F}.Release|Any CPU.Build.0 = Release|Any CPU
		{E0FF138D-9DD8-4A5E-B852-39219C17FD11}.Debug|Any CPU.ActiveCfg = Debug|Any CPU
		{E0FF138D-9DD8-4A5E-B852-39219C17FD11}.Debug|Any CPU.Build.0 = Debug|Any CPU
		{E0FF138D-9DD8-4A5E-B852-39219C17FD11}.Release|Any CPU.ActiveCfg = Release|Any CPU
		{E0FF138D-9DD8-4A5E-B852-39219C17FD11}.Release|Any CPU.Build.0 = Release|Any CPU
	EndGlobalSection
	GlobalSection(SolutionProperties) = preSolution
		HideSolutionNode = FALSE
	EndGlobalSection
	GlobalSection(ExtensibilityGlobals) = postSolution
		SolutionGuid = {7709A79B-CFD2-436A-A8E5-B135F4035ED6}
	EndGlobalSection
EndGlobal
